
Microsoft Visual Studio Solution File, Format Version 12.00
# Visual Studio Version 17
VisualStudioVersion = 17.4.33213.308
MinimumVisualStudioVersion = 10.0.40219.1
Project("{FAE04EC0-301F-11D3-BF4B-00C04F79EFBC}") = "SweeftDigital", "SweeftDigital\SweeftDigital.csproj", "{A9749A41-C2A5-4CF9-B548-2EC0EB12E4B6}"
EndProject
Project("{00D1A9C2-B5F0-4AF3-8072-F6C62B433612}") = "SweeftDb", "SweeftDb\SweeftDb.sqlproj", "{4A69BAFE-5EF1-45AB-A8DE-C24AA29CB9FD}"
EndProject
Global
	GlobalSection(SolutionConfigurationPlatforms) = preSolution
		Debug|Any CPU = Debug|Any CPU
		Release|Any CPU = Release|Any CPU
	EndGlobalSection
	GlobalSection(ProjectConfigurationPlatforms) = postSolution
		{A9749A41-C2A5-4CF9-B548-2EC0EB12E4B6}.Debug|Any CPU.ActiveCfg = Debug|Any CPU
		{A9749A41-C2A5-4CF9-B548-2EC0EB12E4B6}.Debug|Any CPU.Build.0 = Debug|Any CPU
		{A9749A41-C2A5-4CF9-B548-2EC0EB12E4B6}.Release|Any CPU.ActiveCfg = Release|Any CPU
		{A9749A41-C2A5-4CF9-B548-2EC0EB12E4B6}.Release|Any CPU.Build.0 = Release|Any CPU
		{4A69BAFE-5EF1-45AB-A8DE-C24AA29CB9FD}.Debug|Any CPU.ActiveCfg = Debug|Any CPU
		{4A69BAFE-5EF1-45AB-A8DE-C24AA29CB9FD}.Debug|Any CPU.Build.0 = Debug|Any CPU
		{4A69BAFE-5EF1-45AB-A8DE-C24AA29CB9FD}.Debug|Any CPU.Deploy.0 = Debug|Any CPU
		{4A69BAFE-5EF1-45AB-A8DE-C24AA29CB9FD}.Release|Any CPU.ActiveCfg = Release|Any CPU
		{4A69BAFE-5EF1-45AB-A8DE-C24AA29CB9FD}.Release|Any CPU.Build.0 = Release|Any CPU
		{4A69BAFE-5EF1-45AB-A8DE-C24AA29CB9FD}.Release|Any CPU.Deploy.0 = Release|Any CPU
	EndGlobalSection
	GlobalSection(SolutionProperties) = preSolution
		HideSolutionNode = FALSE
	EndGlobalSection
	GlobalSection(ExtensibilityGlobals) = postSolution
		SolutionGuid = {1D572841-C2A3-4C38-8052-08BD5418C50C}
	EndGlobalSection
EndGlobal
